
Microsoft Visual Studio Solution File, Format Version 12.00
# Visual Studio 15
VisualStudioVersion = 15.0.28010.2036
MinimumVisualStudioVersion = 10.0.40219.1
Project("{FAE04EC0-301F-11D3-BF4B-00C04F79EFBC}") = "lab3", "lab3\lab3.csproj", "{BCA3390F-7047-414A-87CE-A4B377FA1FD5}"
EndProject
Global
	GlobalSection(SolutionConfigurationPlatforms) = preSolution
		Debug|Any CPU = Debug|Any CPU
		Release|Any CPU = Release|Any CPU
	EndGlobalSection
	GlobalSection(ProjectConfigurationPlatforms) = postSolution
		{BCA3390F-7047-414A-87CE-A4B377FA1FD5}.Debug|Any CPU.ActiveCfg = Debug|Any CPU
		{BCA3390F-7047-414A-87CE-A4B377FA1FD5}.Debug|Any CPU.Build.0 = Debug|Any CPU
		{BCA3390F-7047-414A-87CE-A4B377FA1FD5}.Release|Any CPU.ActiveCfg = Release|Any CPU
		{BCA3390F-7047-414A-87CE-A4B377FA1FD5}.Release|Any CPU.Build.0 = Release|Any CPU
	EndGlobalSection
	GlobalSection(SolutionProperties) = preSolution
		HideSolutionNode = FALSE
	EndGlobalSection
	GlobalSection(ExtensibilityGlobals) = postSolution
		SolutionGuid = {7AFA1EA6-DE4B-460C-8CF9-2C01A6E98A3B}
	EndGlobalSection
EndGlobal
